
Microsoft Visual Studio Solution File, Format Version 12.00
# Visual Studio Version 17
VisualStudioVersion = 17.5.002.0
MinimumVisualStudioVersion = 10.0.40219.1
Project("{9A19103F-16F7-4668-BE54-9A1E7A4F7556}") = "ListaExercicio", "ListaExercicio.csproj", "{4B712A11-F131-4C89-9B7D-BA0C9F89FAF0}"
EndProject
Global
	GlobalSection(SolutionConfigurationPlatforms) = preSolution
		Debug|Any CPU = Debug|Any CPU
		Release|Any CPU = Release|Any CPU
	EndGlobalSection
	GlobalSection(ProjectConfigurationPlatforms) = postSolution
		{4B712A11-F131-4C89-9B7D-BA0C9F89FAF0}.Debug|Any CPU.ActiveCfg = Debug|Any CPU
		{4B712A11-F131-4C89-9B7D-BA0C9F89FAF0}.Debug|Any CPU.Build.0 = Debug|Any CPU
		{4B712A11-F131-4C89-9B7D-BA0C9F89FAF0}.Release|Any CPU.ActiveCfg = Release|Any CPU
		{4B712A11-F131-4C89-9B7D-BA0C9F89FAF0}.Release|Any CPU.Build.0 = Release|Any CPU
	EndGlobalSection
	GlobalSection(SolutionProperties) = preSolution
		HideSolutionNode = FALSE
	EndGlobalSection
	GlobalSection(ExtensibilityGlobals) = postSolution
		SolutionGuid = {36DB76CA-6B12-4BAA-928E-A295E3C6F0CA}
	EndGlobalSection
EndGlobal
